// !$*UTF8*$!
{
	archiveVersion = 1;
	classes = {
	};
	objectVersion = 56;
	objects = {

/* Begin PBXBuildFile section */
		C479823F2B28D79D00A76907 /* main.swift in Sources */ = {isa = PBXBuildFile; fileRef = C479823E2B28D79D00A76907 /* main.swift */; };
		C47982492B28D83100A76907 /* CollectionsBenchmark in Frameworks */ = {isa = PBXBuildFile; productRef = C47982482B28D83100A76907 /* CollectionsBenchmark */; };
		C479824D2B28DA7D00A76907 /* sort.swift in Sources */ = {isa = PBXBuildFile; fileRef = C479824C2B28DA7D00A76907 /* sort.swift */; };
/* End PBXBuildFile section */

/* Begin PBXCopyFilesBuildPhase section */
		C47982392B28D79D00A76907 /* CopyFiles */ = {
			isa = PBXCopyFilesBuildPhase;
			buildActionMask = 2147483647;
			dstPath = /usr/share/man/man1/;
			dstSubfolderSpec = 0;
			files = (
			);
			runOnlyForDeploymentPostprocessing = 1;
		};
/* End PBXCopyFilesBuildPhase section */

/* Begin PBXFileReference section */
		C479823B2B28D79D00A76907 /* MultithreadedSortBenchmark */ = {isa = PBXFileReference; explicitFileType = "compiled.mach-o.executable"; includeInIndex = 0; path = MultithreadedSortBenchmark; sourceTree = BUILT_PRODUCTS_DIR; };
		C479823E2B28D79D00A76907 /* main.swift */ = {isa = PBXFileReference; lastKnownFileType = sourcecode.swift; path = main.swift; sourceTree = "<group>"; };
		C47982452B28D7B900A76907 /* README.md */ = {isa = PBXFileReference; lastKnownFileType = net.daringfireball.markdown; path = README.md; sourceTree = "<group>"; };
		C47982462B28D7C500A76907 /* Package.swift */ = {isa = PBXFileReference; lastKnownFileType = sourcecode.swift; path = Package.swift; sourceTree = "<group>"; };
		C479824A2B28D98000A76907 /* chart.png */ = {isa = PBXFileReference; lastKnownFileType = image.png; path = chart.png; sourceTree = "<group>"; };
		C479824B2B28D99700A76907 /* results */ = {isa = PBXFileReference; lastKnownFileType = text; path = results; sourceTree = "<group>"; };
		C479824C2B28DA7D00A76907 /* sort.swift */ = {isa = PBXFileReference; lastKnownFileType = sourcecode.swift; path = sort.swift; sourceTree = "<group>"; };
		C479824E2B28DE7700A76907 /* LICENSE.md */ = {isa = PBXFileReference; lastKnownFileType = net.daringfireball.markdown; path = LICENSE.md; sourceTree = "<group>"; };
/* End PBXFileReference section */

/* Begin PBXFrameworksBuildPhase section */
		C47982382B28D79D00A76907 /* Frameworks */ = {
			isa = PBXFrameworksBuildPhase;
			buildActionMask = 2147483647;
			files = (
				C47982492B28D83100A76907 /* CollectionsBenchmark in Frameworks */,
			);
			runOnlyForDeploymentPostprocessing = 0;
		};
/* End PBXFrameworksBuildPhase section */

/* Begin PBXGroup section */
		C47982322B28D79D00A76907 = {
			isa = PBXGroup;
			children = (
				C47982502B28DEAD00A76907 /* Documentation */,
				C479823D2B28D79D00A76907 /* Sources */,
				C47982462B28D7C500A76907 /* Package.swift */,
				C479823C2B28D79D00A76907 /* Products */,
			);
			sourceTree = "<group>";
		};
		C479823C2B28D79D00A76907 /* Products */ = {
			isa = PBXGroup;
			children = (
				C479823B2B28D79D00A76907 /* MultithreadedSortBenchmark */,
			);
			name = Products;
			sourceTree = "<group>";
		};
		C479823D2B28D79D00A76907 /* Sources */ = {
			isa = PBXGroup;
			children = (
				C479823E2B28D79D00A76907 /* main.swift */,
				C479824C2B28DA7D00A76907 /* sort.swift */,
			);
			path = Sources;
			sourceTree = "<group>";
		};
		C47982502B28DEAD00A76907 /* Documentation */ = {
			isa = PBXGroup;
			children = (
				C47982452B28D7B900A76907 /* README.md */,
				C479824E2B28DE7700A76907 /* LICENSE.md */,
				C479824A2B28D98000A76907 /* chart.png */,
				C479824B2B28D99700A76907 /* results */,
			);
			name = Documentation;
			sourceTree = "<group>";
		};
/* End PBXGroup section */

/* Begin PBXNativeTarget section */
		C479823A2B28D79D00A76907 /* MultithreadedSortBenchmark */ = {
			isa = PBXNativeTarget;
			buildConfigurationList = C47982422B28D79D00A76907 /* Build configuration list for PBXNativeTarget "MultithreadedSortBenchmark" */;
			buildPhases = (
				C47982372B28D79D00A76907 /* Sources */,
				C47982382B28D79D00A76907 /* Frameworks */,
				C47982392B28D79D00A76907 /* CopyFiles */,
			);
			buildRules = (
			);
			dependencies = (
			);
			name = MultithreadedSortBenchmark;
			packageProductDependencies = (
				C47982482B28D83100A76907 /* CollectionsBenchmark */,
			);
			productName = MultithreadedSortBenchmark;
			productReference = C479823B2B28D79D00A76907 /* MultithreadedSortBenchmark */;
			productType = "com.apple.product-type.tool";
		};
/* End PBXNativeTarget section */

/* Begin PBXProject section */
		C47982332B28D79D00A76907 /* Project object */ = {
			isa = PBXProject;
			attributes = {
				BuildIndependentTargetsInParallel = 1;
				LastSwiftUpdateCheck = 1500;
				LastUpgradeCheck = 1500;
				TargetAttributes = {
					C479823A2B28D79D00A76907 = {
						CreatedOnToolsVersion = 15.0.1;
					};
				};
			};
			buildConfigurationList = C47982362B28D79D00A76907 /* Build configuration list for PBXProject "MultithreadedSortBenchmark" */;
			compatibilityVersion = "Xcode 14.0";
			developmentRegion = en;
			hasScannedForEncodings = 0;
			knownRegions = (
				en,
				Base,
			);
			mainGroup = C47982322B28D79D00A76907;
			packageReferences = (
				C47982472B28D83100A76907 /* XCRemoteSwiftPackageReference "swift-collections-benchmark" */,
			);
			productRefGroup = C479823C2B28D79D00A76907 /* Products */;
			projectDirPath = "";
			projectRoot = "";
			targets = (
				C479823A2B28D79D00A76907 /* MultithreadedSortBenchmark */,
			);
		};
/* End PBXProject section */

/* Begin PBXSourcesBuildPhase section */
		C47982372B28D79D00A76907 /* Sources */ = {
			isa = PBXSourcesBuildPhase;
			buildActionMask = 2147483647;
			files = (
				C479823F2B28D79D00A76907 /* main.swift in Sources */,
				C479824D2B28DA7D00A76907 /* sort.swift in Sources */,
			);
			runOnlyForDeploymentPostprocessing = 0;
		};
/* End PBXSourcesBuildPhase section */

/* Begin XCBuildConfiguration section */
		C47982402B28D79D00A76907 /* Debug */ = {
			isa = XCBuildConfiguration;
			buildSettings = {
				ALWAYS_SEARCH_USER_PATHS = NO;
				ASSETCATALOG_COMPILER_GENERATE_SWIFT_ASSET_SYMBOL_EXTENSIONS = YES;
				CLANG_ANALYZER_NONNULL = YES;
				CLANG_ANALYZER_NUMBER_OBJECT_CONVERSION = YES_AGGRESSIVE;
				CLANG_CXX_LANGUAGE_STANDARD = "gnu++20";
				CLANG_ENABLE_MODULES = YES;
				CLANG_ENABLE_OBJC_ARC = YES;
				CLANG_ENABLE_OBJC_WEAK = YES;
				CLANG_WARN_BLOCK_CAPTURE_AUTORELEASING = YES;
				CLANG_WARN_BOOL_CONVERSION = YES;
				CLANG_WARN_COMMA = YES;
				CLANG_WARN_CONSTANT_CONVERSION = YES;
				CLANG_WARN_DEPRECATED_OBJC_IMPLEMENTATIONS = YES;
				CLANG_WARN_DIRECT_OBJC_ISA_USAGE = YES_ERROR;
				CLANG_WARN_DOCUMENTATION_COMMENTS = YES;
				CLANG_WARN_EMPTY_BODY = YES;
				CLANG_WARN_ENUM_CONVERSION = YES;
				CLANG_WARN_INFINITE_RECURSION = YES;
				CLANG_WARN_INT_CONVERSION = YES;
				CLANG_WARN_NON_LITERAL_NULL_CONVERSION = YES;
				CLANG_WARN_OBJC_IMPLICIT_RETAIN_SELF = YES;
				CLANG_WARN_OBJC_LITERAL_CONVERSION = YES;
				CLANG_WARN_OBJC_ROOT_CLASS = YES_ERROR;
				CLANG_WARN_QUOTED_INCLUDE_IN_FRAMEWORK_HEADER = YES;
				CLANG_WARN_RANGE_LOOP_ANALYSIS = YES;
				CLANG_WARN_STRICT_PROTOTYPES = YES;
				CLANG_WARN_SUSPICIOUS_MOVE = YES;
				CLANG_WARN_UNGUARDED_AVAILABILITY = YES_AGGRESSIVE;
				CLANG_WARN_UNREACHABLE_CODE = YES;
				CLANG_WARN__DUPLICATE_METHOD_MATCH = YES;
				COPY_PHASE_STRIP = NO;
				DEBUG_INFORMATION_FORMAT = dwarf;
				ENABLE_STRICT_OBJC_MSGSEND = YES;
				ENABLE_TESTABILITY = YES;
				ENABLE_USER_SCRIPT_SANDBOXING = YES;
				GCC_C_LANGUAGE_STANDARD = gnu17;
				GCC_DYNAMIC_NO_PIC = NO;
				GCC_NO_COMMON_BLOCKS = YES;
				GCC_OPTIMIZATION_LEVEL = 0;
				GCC_PREPROCESSOR_DEFINITIONS = (
					"DEBUG=1",
					"$(inherited)",
				);
				GCC_WARN_64_TO_32_BIT_CONVERSION = YES;
				GCC_WARN_ABOUT_RETURN_TYPE = YES_ERROR;
				GCC_WARN_UNDECLARED_SELECTOR = YES;
				GCC_WARN_UNINITIALIZED_AUTOS = YES_AGGRESSIVE;
				GCC_WARN_UNUSED_FUNCTION = YES;
				GCC_WARN_UNUSED_VARIABLE = YES;
				LOCALIZATION_PREFERS_STRING_CATALOGS = YES;
				MACOSX_DEPLOYMENT_TARGET = 14.0;
				MTL_ENABLE_DEBUG_INFO = INCLUDE_SOURCE;
				MTL_FAST_MATH = YES;
				ONLY_ACTIVE_ARCH = YES;
				SDKROOT = macosx;
				SWIFT_ACTIVE_COMPILATION_CONDITIONS = "DEBUG $(inherited)";
				SWIFT_OPTIMIZATION_LEVEL = "-Onone";
			};
			name = Debug;
		};
		C47982412B28D79D00A76907 /* Release */ = {
			isa = XCBuildConfiguration;
			buildSettings = {
				ALWAYS_SEARCH_USER_PATHS = NO;
				ASSETCATALOG_COMPILER_GENERATE_SWIFT_ASSET_SYMBOL_EXTENSIONS = YES;
				CLANG_ANALYZER_NONNULL = YES;
				CLANG_ANALYZER_NUMBER_OBJECT_CONVERSION = YES_AGGRESSIVE;
				CLANG_CXX_LANGUAGE_STANDARD = "gnu++20";
				CLANG_ENABLE_MODULES = YES;
				CLANG_ENABLE_OBJC_ARC = YES;
				CLANG_ENABLE_OBJC_WEAK = YES;
				CLANG_WARN_BLOCK_CAPTURE_AUTORELEASING = YES;
				CLANG_WARN_BOOL_CONVERSION = YES;
				CLANG_WARN_COMMA = YES;
				CLANG_WARN_CONSTANT_CONVERSION = YES;
				CLANG_WARN_DEPRECATED_OBJC_IMPLEMENTATIONS = YES;
				CLANG_WARN_DIRECT_OBJC_ISA_USAGE = YES_ERROR;
				CLANG_WARN_DOCUMENTATION_COMMENTS = YES;
				CLANG_WARN_EMPTY_BODY = YES;
				CLANG_WARN_ENUM_CONVERSION = YES;
				CLANG_WARN_INFINITE_RECURSION = YES;
				CLANG_WARN_INT_CONVERSION = YES;
				CLANG_WARN_NON_LITERAL_NULL_CONVERSION = YES;
				CLANG_WARN_OBJC_IMPLICIT_RETAIN_SELF = YES;
				CLANG_WARN_OBJC_LITERAL_CONVERSION = YES;
				CLANG_WARN_OBJC_ROOT_CLASS = YES_ERROR;
				CLANG_WARN_QUOTED_INCLUDE_IN_FRAMEWORK_HEADER = YES;
				CLANG_WARN_RANGE_LOOP_ANALYSIS = YES;
				CLANG_WARN_STRICT_PROTOTYPES = YES;
				CLANG_WARN_SUSPICIOUS_MOVE = YES;
				CLANG_WARN_UNGUARDED_AVAILABILITY = YES_AGGRESSIVE;
				CLANG_WARN_UNREACHABLE_CODE = YES;
				CLANG_WARN__DUPLICATE_METHOD_MATCH = YES;
				COPY_PHASE_STRIP = NO;
				DEBUG_INFORMATION_FORMAT = "dwarf-with-dsym";
				ENABLE_NS_ASSERTIONS = NO;
				ENABLE_STRICT_OBJC_MSGSEND = YES;
				ENABLE_USER_SCRIPT_SANDBOXING = YES;
				GCC_C_LANGUAGE_STANDARD = gnu17;
				GCC_NO_COMMON_BLOCKS = YES;
				GCC_WARN_64_TO_32_BIT_CONVERSION = YES;
				GCC_WARN_ABOUT_RETURN_TYPE = YES_ERROR;
				GCC_WARN_UNDECLARED_SELECTOR = YES;
				GCC_WARN_UNINITIALIZED_AUTOS = YES_AGGRESSIVE;
				GCC_WARN_UNUSED_FUNCTION = YES;
				GCC_WARN_UNUSED_VARIABLE = YES;
				LOCALIZATION_PREFERS_STRING_CATALOGS = YES;
				MACOSX_DEPLOYMENT_TARGET = 14.0;
				MTL_ENABLE_DEBUG_INFO = NO;
				MTL_FAST_MATH = YES;
				SDKROOT = macosx;
				SWIFT_COMPILATION_MODE = wholemodule;
			};
			name = Release;
		};
		C47982432B28D79D00A76907 /* Debug */ = {
			isa = XCBuildConfiguration;
			buildSettings = {
				CODE_SIGN_STYLE = Automatic;
				DEVELOPMENT_TEAM = HQ8TLN3UQR;
				ENABLE_HARDENED_RUNTIME = YES;
				PRODUCT_NAME = "$(TARGET_NAME)";
				SWIFT_VERSION = 5.0;
			};
			name = Debug;
		};
		C47982442B28D79D00A76907 /* Release */ = {
			isa = XCBuildConfiguration;
			buildSettings = {
				CODE_SIGN_STYLE = Automatic;
				DEVELOPMENT_TEAM = HQ8TLN3UQR;
				ENABLE_HARDENED_RUNTIME = YES;
				PRODUCT_NAME = "$(TARGET_NAME)";
				SWIFT_VERSION = 5.0;
			};
			name = Release;
		};
/* End XCBuildConfiguration section */

/* Begin XCConfigurationList section */
		C47982362B28D79D00A76907 /* Build configuration list for PBXProject "MultithreadedSortBenchmark" */ = {
			isa = XCConfigurationList;
			buildConfigurations = (
				C47982402B28D79D00A76907 /* Debug */,
				C47982412B28D79D00A76907 /* Release */,
			);
			defaultConfigurationIsVisible = 0;
			defaultConfigurationName = Release;
		};
		C47982422B28D79D00A76907 /* Build configuration list for PBXNativeTarget "MultithreadedSortBenchmark" */ = {
			isa = XCConfigurationList;
			buildConfigurations = (
				C47982432B28D79D00A76907 /* Debug */,
				C47982442B28D79D00A76907 /* Release */,
			);
			defaultConfigurationIsVisible = 0;
			defaultConfigurationName = Release;
		};
/* End XCConfigurationList section */

/* Begin XCRemoteSwiftPackageReference section */
		C47982472B28D83100A76907 /* XCRemoteSwiftPackageReference "swift-collections-benchmark" */ = {
			isa = XCRemoteSwiftPackageReference;
			repositoryURL = "https://github.com/apple/swift-collections-benchmark.git";
			requirement = {
				kind = upToNextMajorVersion;
				minimumVersion = 0.0.3;
			};
		};
/* End XCRemoteSwiftPackageReference section */

/* Begin XCSwiftPackageProductDependency section */
		C47982482B28D83100A76907 /* CollectionsBenchmark */ = {
			isa = XCSwiftPackageProductDependency;
			package = C47982472B28D83100A76907 /* XCRemoteSwiftPackageReference "swift-collections-benchmark" */;
			productName = CollectionsBenchmark;
		};
/* End XCSwiftPackageProductDependency section */
	};
	rootObject = C47982332B28D79D00A76907 /* Project object */;
}
